{
  "version": 4,
  "terraform_version": "1.13.3",
  "serial": 25,
  "lineage": "c487a01b-07f1-667d-40cb-2448dd459808",
  "outputs": {
    "nomad_server_instance_public_ip": {
      "value": "3.82.44.164",
      "type": "string"
    },
    "nomad_server_public_ip": {
      "value": "3.82.44.164",
      "type": "string"
    }
  },
  "resources": [
    {
      "module": "module.nomad_client",
      "mode": "managed",
      "type": "aws_instance",
      "name": "clients",
      "provider": "provider[\"registry.terraform.io/hashicorp/aws\"]",
      "instances": [
        {
          "index_key": 0,
          "schema_version": 2,
          "attributes": {
            "ami": "ami-08982f1c5bf93d976",
            "arn": "arn:aws:ec2:us-east-1:434748569332:instance/i-07f7b2aace03da929",
            "associate_public_ip_address": false,
            "availability_zone": "us-east-1c",
            "capacity_reservation_specification": [
              {
                "capacity_reservation_preference": "open",
                "capacity_reservation_target": []
              }
            ],
            "cpu_options": [
              {
                "amd_sev_snp": "",
                "core_count": 1,
                "threads_per_core": 2
              }
            ],
            "credit_specification": [
              {
                "cpu_credits": "unlimited"
              }
            ],
            "disable_api_stop": false,
            "disable_api_termination": false,
            "ebs_block_device": [],
            "ebs_optimized": false,
            "enable_primary_ipv6": null,
            "enclave_options": [
              {
                "enabled": false
              }
            ],
            "ephemeral_block_device": [],
            "force_destroy": false,
            "get_password_data": false,
            "hibernation": false,
            "host_id": "",
            "host_resource_group_arn": null,
            "iam_instance_profile": "",
            "id": "i-07f7b2aace03da929",
            "instance_initiated_shutdown_behavior": "stop",
            "instance_lifecycle": "",
            "instance_market_options": [],
            "instance_state": "running",
            "instance_type": "t3.medium",
            "ipv6_address_count": 0,
            "ipv6_addresses": [],
            "key_name": "key-terra-nomad",
            "launch_template": [],
            "maintenance_options": [
              {
                "auto_recovery": "default"
              }
            ],
            "metadata_options": [
              {
                "http_endpoint": "enabled",
                "http_protocol_ipv6": "disabled",
                "http_put_response_hop_limit": 2,
                "http_tokens": "required",
                "instance_metadata_tags": "disabled"
              }
            ],
            "monitoring": false,
            "network_interface": [],
            "outpost_arn": "",
            "password_data": "",
            "placement_group": "",
            "placement_group_id": "",
            "placement_partition_number": 0,
            "primary_network_interface": [
              {
                "delete_on_termination": true,
                "network_interface_id": "eni-0398ad92d3d4246cd"
              }
            ],
            "primary_network_interface_id": "eni-0398ad92d3d4246cd",
            "private_dns": "ip-10-0-2-109.ec2.internal",
            "private_dns_name_options": [
              {
                "enable_resource_name_dns_a_record": false,
                "enable_resource_name_dns_aaaa_record": false,
                "hostname_type": "ip-name"
              }
            ],
            "private_ip": "10.0.2.109",
            "public_dns": "",
            "public_ip": "",
            "region": "us-east-1",
            "root_block_device": [
              {
                "delete_on_termination": true,
                "device_name": "/dev/xvda",
                "encrypted": false,
                "iops": 3000,
                "kms_key_id": "",
                "tags": {},
                "tags_all": {},
                "throughput": 125,
                "volume_id": "vol-02eb26e1608be0c60",
                "volume_size": 8,
                "volume_type": "gp3"
              }
            ],
            "secondary_private_ips": [],
            "security_groups": [],
            "source_dest_check": true,
            "spot_instance_request_id": "",
            "subnet_id": "subnet-00c040eecc880411e",
            "tags": {
              "Name": "nomad-client-0"
            },
            "tags_all": {
              "Name": "nomad-client-0"
            },
            "tenancy": "default",
            "timeouts": null,
            "user_data": "#!/bin/bash\nset -e\n\nyum update -y\nyum install -y unzip curl jq\n\nyum install -y docker\nsystemctl enable docker\nsystemctl start docker\nusermod -aG docker ec2-user\n\n# Install Nomad\nbash /tmp/install_nomad.sh\n\n# Create Nomad systemd service\ncat \u003c\u003cEOF \u003e/etc/systemd/system/nomad.service\n[Unit]\nDescription=Nomad\nAfter=network-online.target\nWants=network-online.target\n\n[Service]\nExecStart=/usr/local/bin/nomad agent -dev\nRestart=on-failure\nLimitNOFILE=65536\n\n[Install]\nWantedBy=multi-user.target\nEOF\n\nsystemctl daemon-reload\nsystemctl enable nomad\nsystemctl start nomad\n",
            "user_data_base64": null,
            "user_data_replace_on_change": false,
            "volume_tags": null,
            "vpc_security_group_ids": [
              "sg-0c209aabd0d60da8e"
            ]
          },
          "sensitive_attributes": [],
          "identity_schema_version": 0,
          "identity": {
            "account_id": "434748569332",
            "id": "i-07f7b2aace03da929",
            "region": "us-east-1"
          },
          "private": "eyJlMmJmYjczMC1lY2FhLTExZTYtOGY4OC0zNDM2M2JjN2M0YzAiOnsiY3JlYXRlIjo2MDAwMDAwMDAwMDAsImRlbGV0ZSI6MTIwMDAwMDAwMDAwMCwicmVhZCI6OTAwMDAwMDAwMDAwLCJ1cGRhdGUiOjYwMDAwMDAwMDAwMH0sInNjaGVtYV92ZXJzaW9uIjoiMiJ9",
          "dependencies": [
            "module.vpc.aws_security_group.nomad",
            "module.vpc.aws_subnet.private",
            "module.vpc.aws_vpc.main"
          ]
        }
      ]
    },
    {
      "module": "module.nomad_server",
      "mode": "managed",
      "type": "aws_instance",
      "name": "server",
      "provider": "provider[\"registry.terraform.io/hashicorp/aws\"]",
      "instances": [
        {
          "schema_version": 2,
          "attributes": {
            "ami": "ami-08982f1c5bf93d976",
            "arn": "arn:aws:ec2:us-east-1:434748569332:instance/i-0b0010b3299c19b09",
            "associate_public_ip_address": true,
            "availability_zone": "us-east-1b",
            "capacity_reservation_specification": [
              {
                "capacity_reservation_preference": "open",
                "capacity_reservation_target": []
              }
            ],
            "cpu_options": [
              {
                "amd_sev_snp": "",
                "core_count": 1,
                "threads_per_core": 2
              }
            ],
            "credit_specification": [
              {
                "cpu_credits": "unlimited"
              }
            ],
            "disable_api_stop": false,
            "disable_api_termination": false,
            "ebs_block_device": [],
            "ebs_optimized": false,
            "enable_primary_ipv6": null,
            "enclave_options": [
              {
                "enabled": false
              }
            ],
            "ephemeral_block_device": [],
            "force_destroy": false,
            "get_password_data": false,
            "hibernation": false,
            "host_id": "",
            "host_resource_group_arn": null,
            "iam_instance_profile": "",
            "id": "i-0b0010b3299c19b09",
            "instance_initiated_shutdown_behavior": "stop",
            "instance_lifecycle": "",
            "instance_market_options": [],
            "instance_state": "running",
            "instance_type": "t3.medium",
            "ipv6_address_count": 0,
            "ipv6_addresses": [],
            "key_name": "key-terra-nomad",
            "launch_template": [],
            "maintenance_options": [
              {
                "auto_recovery": "default"
              }
            ],
            "metadata_options": [
              {
                "http_endpoint": "enabled",
                "http_protocol_ipv6": "disabled",
                "http_put_response_hop_limit": 2,
                "http_tokens": "required",
                "instance_metadata_tags": "disabled"
              }
            ],
            "monitoring": false,
            "network_interface": [],
            "outpost_arn": "",
            "password_data": "",
            "placement_group": "",
            "placement_group_id": "",
            "placement_partition_number": 0,
            "primary_network_interface": [
              {
                "delete_on_termination": true,
                "network_interface_id": "eni-0e9bb8736b33a095c"
              }
            ],
            "primary_network_interface_id": "eni-0e9bb8736b33a095c",
            "private_dns": "ip-10-0-1-193.ec2.internal",
            "private_dns_name_options": [
              {
                "enable_resource_name_dns_a_record": false,
                "enable_resource_name_dns_aaaa_record": false,
                "hostname_type": "ip-name"
              }
            ],
            "private_ip": "10.0.1.193",
            "public_dns": "",
            "public_ip": "3.82.44.164",
            "region": "us-east-1",
            "root_block_device": [
              {
                "delete_on_termination": true,
                "device_name": "/dev/xvda",
                "encrypted": false,
                "iops": 3000,
                "kms_key_id": "",
                "tags": {},
                "tags_all": {},
                "throughput": 125,
                "volume_id": "vol-0ff0dc011067a8632",
                "volume_size": 8,
                "volume_type": "gp3"
              }
            ],
            "secondary_private_ips": [],
            "security_groups": [],
            "source_dest_check": true,
            "spot_instance_request_id": "",
            "subnet_id": "subnet-029ee51657a9acdb4",
            "tags": {
              "Name": "nomad-server"
            },
            "tags_all": {
              "Name": "nomad-server"
            },
            "tenancy": "default",
            "timeouts": null,
            "user_data": "#!/bin/bash\nset -e\n\nyum update -y\nyum install -y unzip curl jq\n\nyum install -y docker\nsystemctl enable docker\nsystemctl start docker\nusermod -aG docker ec2-user\n\n# Install Nomad\nbash /tmp/install_nomad.sh\n\n# Create Nomad systemd service\ncat \u003c\u003cEOF \u003e/etc/systemd/system/nomad.service\n[Unit]\nDescription=Nomad\nAfter=network-online.target\nWants=network-online.target\n\n[Service]\nExecStart=/usr/local/bin/nomad agent -dev\nRestart=on-failure\nLimitNOFILE=65536\n\n[Install]\nWantedBy=multi-user.target\nEOF\n\nsystemctl daemon-reload\nsystemctl enable nomad\nsystemctl start nomad\n",
            "user_data_base64": null,
            "user_data_replace_on_change": false,
            "volume_tags": null,
            "vpc_security_group_ids": [
              "sg-0c209aabd0d60da8e"
            ]
          },
          "sensitive_attributes": [],
          "identity_schema_version": 0,
          "identity": {
            "account_id": "434748569332",
            "id": "i-0b0010b3299c19b09",
            "region": "us-east-1"
          },
          "private": "eyJlMmJmYjczMC1lY2FhLTExZTYtOGY4OC0zNDM2M2JjN2M0YzAiOnsiY3JlYXRlIjo2MDAwMDAwMDAwMDAsImRlbGV0ZSI6MTIwMDAwMDAwMDAwMCwicmVhZCI6OTAwMDAwMDAwMDAwLCJ1cGRhdGUiOjYwMDAwMDAwMDAwMH0sInNjaGVtYV92ZXJzaW9uIjoiMiJ9",
          "dependencies": [
            "module.vpc.aws_security_group.nomad",
            "module.vpc.aws_subnet.public",
            "module.vpc.aws_vpc.main"
          ]
        }
      ]
    },
    {
      "module": "module.vpc",
      "mode": "managed",
      "type": "aws_security_group",
      "name": "nomad",
      "provider": "provider[\"registry.terraform.io/hashicorp/aws\"]",
      "instances": [
        {
          "schema_version": 1,
          "attributes": {
            "arn": "arn:aws:ec2:us-east-1:434748569332:security-group/sg-0c209aabd0d60da8e",
            "description": "Managed by Terraform",
            "egress": [
              {
                "cidr_blocks": [
                  "0.0.0.0/0"
                ],
                "description": "",
                "from_port": 0,
                "ipv6_cidr_blocks": [],
                "prefix_list_ids": [],
                "protocol": "-1",
                "security_groups": [],
                "self": false,
                "to_port": 0
              }
            ],
            "id": "sg-0c209aabd0d60da8e",
            "ingress": [
              {
                "cidr_blocks": [
                  "103.133.67.108/32"
                ],
                "description": "",
                "from_port": 22,
                "ipv6_cidr_blocks": [],
                "prefix_list_ids": [],
                "protocol": "tcp",
                "security_groups": [],
                "self": false,
                "to_port": 22
              },
              {
                "cidr_blocks": [
                  "103.133.67.108/32"
                ],
                "description": "",
                "from_port": 4646,
                "ipv6_cidr_blocks": [],
                "prefix_list_ids": [],
                "protocol": "tcp",
                "security_groups": [],
                "self": false,
                "to_port": 4646
              },
              {
                "cidr_blocks": [
                  "103.133.67.108/32"
                ],
                "description": "",
                "from_port": 8080,
                "ipv6_cidr_blocks": [],
                "prefix_list_ids": [],
                "protocol": "tcp",
                "security_groups": [],
                "self": false,
                "to_port": 8080
              }
            ],
            "name": "terraform-20250920160839100500000001",
            "name_prefix": "terraform-",
            "owner_id": "434748569332",
            "region": "us-east-1",
            "revoke_rules_on_delete": false,
            "tags": null,
            "tags_all": {},
            "timeouts": null,
            "vpc_id": "vpc-02c9fe81dce2c34e2"
          },
          "sensitive_attributes": [],
          "identity_schema_version": 0,
          "identity": {
            "account_id": "434748569332",
            "id": "sg-0c209aabd0d60da8e",
            "region": "us-east-1"
          },
          "private": "eyJlMmJmYjczMC1lY2FhLTExZTYtOGY4OC0zNDM2M2JjN2M0YzAiOnsiY3JlYXRlIjo2MDAwMDAwMDAwMDAsImRlbGV0ZSI6OTAwMDAwMDAwMDAwfSwic2NoZW1hX3ZlcnNpb24iOiIxIn0=",
          "dependencies": [
            "module.vpc.aws_vpc.main"
          ]
        }
      ]
    },
    {
      "module": "module.vpc",
      "mode": "managed",
      "type": "aws_subnet",
      "name": "private",
      "provider": "provider[\"registry.terraform.io/hashicorp/aws\"]",
      "instances": [
        {
          "schema_version": 1,
          "attributes": {
            "arn": "arn:aws:ec2:us-east-1:434748569332:subnet/subnet-00c040eecc880411e",
            "assign_ipv6_address_on_creation": false,
            "availability_zone": "us-east-1c",
            "availability_zone_id": "use1-az6",
            "cidr_block": "10.0.2.0/24",
            "customer_owned_ipv4_pool": "",
            "enable_dns64": false,
            "enable_lni_at_device_index": 0,
            "enable_resource_name_dns_a_record_on_launch": false,
            "enable_resource_name_dns_aaaa_record_on_launch": false,
            "id": "subnet-00c040eecc880411e",
            "ipv6_cidr_block": "",
            "ipv6_cidr_block_association_id": "",
            "ipv6_native": false,
            "map_customer_owned_ip_on_launch": false,
            "map_public_ip_on_launch": false,
            "outpost_arn": "",
            "owner_id": "434748569332",
            "private_dns_hostname_type_on_launch": "ip-name",
            "region": "us-east-1",
            "tags": null,
            "tags_all": {},
            "timeouts": null,
            "vpc_id": "vpc-02c9fe81dce2c34e2"
          },
          "sensitive_attributes": [],
          "identity_schema_version": 0,
          "identity": {
            "account_id": "434748569332",
            "id": "subnet-00c040eecc880411e",
            "region": "us-east-1"
          },
          "private": "eyJlMmJmYjczMC1lY2FhLTExZTYtOGY4OC0zNDM2M2JjN2M0YzAiOnsiY3JlYXRlIjo2MDAwMDAwMDAwMDAsImRlbGV0ZSI6MTIwMDAwMDAwMDAwMH0sInNjaGVtYV92ZXJzaW9uIjoiMSJ9",
          "dependencies": [
            "module.vpc.aws_vpc.main"
          ]
        }
      ]
    },
    {
      "module": "module.vpc",
      "mode": "managed",
      "type": "aws_subnet",
      "name": "public",
      "provider": "provider[\"registry.terraform.io/hashicorp/aws\"]",
      "instances": [
        {
          "schema_version": 1,
          "attributes": {
            "arn": "arn:aws:ec2:us-east-1:434748569332:subnet/subnet-029ee51657a9acdb4",
            "assign_ipv6_address_on_creation": false,
            "availability_zone": "us-east-1b",
            "availability_zone_id": "use1-az4",
            "cidr_block": "10.0.1.0/24",
            "customer_owned_ipv4_pool": "",
            "enable_dns64": false,
            "enable_lni_at_device_index": 0,
            "enable_resource_name_dns_a_record_on_launch": false,
            "enable_resource_name_dns_aaaa_record_on_launch": false,
            "id": "subnet-029ee51657a9acdb4",
            "ipv6_cidr_block": "",
            "ipv6_cidr_block_association_id": "",
            "ipv6_native": false,
            "map_customer_owned_ip_on_launch": false,
            "map_public_ip_on_launch": true,
            "outpost_arn": "",
            "owner_id": "434748569332",
            "private_dns_hostname_type_on_launch": "ip-name",
            "region": "us-east-1",
            "tags": null,
            "tags_all": {},
            "timeouts": null,
            "vpc_id": "vpc-02c9fe81dce2c34e2"
          },
          "sensitive_attributes": [],
          "identity_schema_version": 0,
          "identity": {
            "account_id": "434748569332",
            "id": "subnet-029ee51657a9acdb4",
            "region": "us-east-1"
          },
          "private": "eyJlMmJmYjczMC1lY2FhLTExZTYtOGY4OC0zNDM2M2JjN2M0YzAiOnsiY3JlYXRlIjo2MDAwMDAwMDAwMDAsImRlbGV0ZSI6MTIwMDAwMDAwMDAwMH0sInNjaGVtYV92ZXJzaW9uIjoiMSJ9",
          "dependencies": [
            "module.vpc.aws_vpc.main"
          ]
        }
      ]
    },
    {
      "module": "module.vpc",
      "mode": "managed",
      "type": "aws_vpc",
      "name": "main",
      "provider": "provider[\"registry.terraform.io/hashicorp/aws\"]",
      "instances": [
        {
          "schema_version": 1,
          "attributes": {
            "arn": "arn:aws:ec2:us-east-1:434748569332:vpc/vpc-02c9fe81dce2c34e2",
            "assign_generated_ipv6_cidr_block": false,
            "cidr_block": "10.0.0.0/16",
            "default_network_acl_id": "acl-0f1956d4c0a72ea04",
            "default_route_table_id": "rtb-02ab765241b68bc53",
            "default_security_group_id": "sg-07d80088c66a5409c",
            "dhcp_options_id": "dopt-08e43854790a2ad0e",
            "enable_dns_hostnames": false,
            "enable_dns_support": true,
            "enable_network_address_usage_metrics": false,
            "id": "vpc-02c9fe81dce2c34e2",
            "instance_tenancy": "default",
            "ipv4_ipam_pool_id": null,
            "ipv4_netmask_length": null,
            "ipv6_association_id": "",
            "ipv6_cidr_block": "",
            "ipv6_cidr_block_network_border_group": "",
            "ipv6_ipam_pool_id": "",
            "ipv6_netmask_length": 0,
            "main_route_table_id": "rtb-02ab765241b68bc53",
            "owner_id": "434748569332",
            "region": "us-east-1",
            "tags": null,
            "tags_all": {}
          },
          "sensitive_attributes": [],
          "identity_schema_version": 0,
          "private": "eyJzY2hlbWFfdmVyc2lvbiI6IjEifQ=="
        }
      ]
    }
  ],
  "check_results": null
}
